# THIS IS AN AUTOGENERATED FILE. DO NOT EDIT THIS FILE DIRECTLY.
# yarn lockfile v1


npm-hello-world-from-yuki@^1.0.2:
  version "1.0.2"
  resolved "https://registry.yarnpkg.com/npm-hello-world-from-yuki/-/npm-hello-world-from-yuki-1.0.2.tgz#371841d8f141f0d80d4e125810b4b245a43b8c0d"
  integrity sha512-3gGLzQihJUjvlTieXyGnoxM0e9mTH8e5XMzup/d3b7AuIqMtwQptClGMIZwFRey4rbi4Kw2yGwTfG4QyA0xPYw==
